
Microsoft Visual Studio Solution File, Format Version 12.00
# Visual Studio 15
VisualStudioVersion = 15.0.27130.2024
MinimumVisualStudioVersion = 10.0.40219.1
Project("{FAE04EC0-301F-11D3-BF4B-00C04F79EFBC}") = "UsePredicatesAndLambdas", "UsePredicatesAndLambdas\UsePredicatesAndLambdas.csproj", "{B30F1801-8BDD-4042-A198-1067B4BC1060}"
EndProject
Global
	GlobalSection(SolutionConfigurationPlatforms) = preSolution
		Debug|Any CPU = Debug|Any CPU
		Release|Any CPU = Release|Any CPU
	EndGlobalSection
	GlobalSection(ProjectConfigurationPlatforms) = postSolution
		{B30F1801-8BDD-4042-A198-1067B4BC1060}.Debug|Any CPU.ActiveCfg = Debug|Any CPU
		{B30F1801-8BDD-4042-A198-1067B4BC1060}.Debug|Any CPU.Build.0 = Debug|Any CPU
		{B30F1801-8BDD-4042-A198-1067B4BC1060}.Release|Any CPU.ActiveCfg = Release|Any CPU
		{B30F1801-8BDD-4042-A198-1067B4BC1060}.Release|Any CPU.Build.0 = Release|Any CPU
	EndGlobalSection
	GlobalSection(SolutionProperties) = preSolution
		HideSolutionNode = FALSE
	EndGlobalSection
	GlobalSection(ExtensibilityGlobals) = postSolution
		SolutionGuid = {14901F3D-89B4-414B-AC26-A19377166455}
	EndGlobalSection
EndGlobal
