
Microsoft Visual Studio Solution File, Format Version 12.00
# Visual Studio 15
VisualStudioVersion = 15.0.27130.2024
MinimumVisualStudioVersion = 10.0.40219.1
Project("{FAE04EC0-301F-11D3-BF4B-00C04F79EFBC}") = "UseTimer_EventBased", "UseTimer_EventBased\UseTimer_EventBased.csproj", "{38366855-C23C-4F56-8B9E-2BEABA053FFF}"
EndProject
Global
	GlobalSection(SolutionConfigurationPlatforms) = preSolution
		Debug|Any CPU = Debug|Any CPU
		Release|Any CPU = Release|Any CPU
	EndGlobalSection
	GlobalSection(ProjectConfigurationPlatforms) = postSolution
		{38366855-C23C-4F56-8B9E-2BEABA053FFF}.Debug|Any CPU.ActiveCfg = Debug|Any CPU
		{38366855-C23C-4F56-8B9E-2BEABA053FFF}.Debug|Any CPU.Build.0 = Debug|Any CPU
		{38366855-C23C-4F56-8B9E-2BEABA053FFF}.Release|Any CPU.ActiveCfg = Release|Any CPU
		{38366855-C23C-4F56-8B9E-2BEABA053FFF}.Release|Any CPU.Build.0 = Release|Any CPU
	EndGlobalSection
	GlobalSection(SolutionProperties) = preSolution
		HideSolutionNode = FALSE
	EndGlobalSection
	GlobalSection(ExtensibilityGlobals) = postSolution
		SolutionGuid = {66AEF3B5-DE79-419C-A586-E68BDCE28CD1}
	EndGlobalSection
EndGlobal
